{
  "nodes": {
    "async-profiler-src": {
      "flake": false,
      "locked": {
        "lastModified": 1691758807,
        "narHash": "sha256-o+iHCAXeKnPSVMdTQ4v6fPd4IaqWVfY2xnMVCd5XZFs=",
        "owner": "jvm-profiling-tools",
        "repo": "async-profiler",
        "rev": "625dcd2615defe8d1e0921bf4e6f8aa01728c05e",
        "type": "github"
      },
      "original": {
        "owner": "jvm-profiling-tools",
        "repo": "async-profiler",
        "type": "github"
      }
    },
    "flake-utils": {
      "inputs": {
        "systems": "systems"
      },
      "locked": {
        "lastModified": 1689068808,
        "narHash": "sha256-6ixXo3wt24N/melDWjq70UuHQLxGV8jZvooRanIHXw0=",
        "owner": "numtide",
        "repo": "flake-utils",
        "rev": "919d646de7be200f3bf08cb76ae1f09402b6f9b4",
        "type": "github"
      },
      "original": {
        "owner": "numtide",
        "repo": "flake-utils",
        "type": "github"
      }
    },
    "flake-utils_2": {
      "inputs": {
        "systems": "systems_2"
      },
      "locked": {
        "lastModified": 1689068808,
        "narHash": "sha256-6ixXo3wt24N/melDWjq70UuHQLxGV8jZvooRanIHXw0=",
        "owner": "numtide",
        "repo": "flake-utils",
        "rev": "919d646de7be200f3bf08cb76ae1f09402b6f9b4",
        "type": "github"
      },
      "original": {
        "owner": "numtide",
        "repo": "flake-utils",
        "type": "github"
      }
    },
    "java": {
      "inputs": {
        "async-profiler-src": "async-profiler-src",
        "flake-utils": "flake-utils_2",
        "jdk": "jdk",
        "jdk-loom": "jdk-loom",
        "jdk-panama": "jdk-panama",
        "jdk-valhalla": "jdk-valhalla",
        "jdk17": "jdk17",
        "jdk18": "jdk18",
        "jdk19": "jdk19",
        "jdk20": "jdk20",
        "jdk21": "jdk21",
        "jextract-src": "jextract-src",
        "jextract_jdk21-src": "jextract_jdk21-src",
        "jmc_linux_tgz": "jmc_linux_tgz",
        "jprofiler_tgz": "jprofiler_tgz",
        "jtreg-src": "jtreg-src",
        "nixpkgs": "nixpkgs",
        "visualvm_zip": "visualvm_zip",
        "yourkit_zip": "yourkit_zip",
        "zing17_linux_tgz": "zing17_linux_tgz",
        "zulu17_linux_tgz": "zulu17_linux_tgz",
        "zulu18_linux_tgz": "zulu18_linux_tgz",
        "zulu19_linux_aarch64_tgz": "zulu19_linux_aarch64_tgz",
        "zulu19_linux_x64_tgz": "zulu19_linux_x64_tgz",
        "zulu20_linux_aarch64_tgz": "zulu20_linux_aarch64_tgz",
        "zulu20_linux_x64_tgz": "zulu20_linux_x64_tgz"
      },
      "locked": {
        "lastModified": 1692104177,
        "narHash": "sha256-VWOleCWIsZAgb2ugythNwbGdrcqIg7tlP1XcPpSBh8U=",
        "owner": "timothyklim",
        "repo": "jdk-flake",
        "rev": "a62b1986e4a7ca6d91086e65ae06976cc9af009f",
        "type": "github"
      },
      "original": {
        "owner": "timothyklim",
        "repo": "jdk-flake",
        "type": "github"
      }
    },
    "jdk": {
      "flake": false,
      "locked": {
        "lastModified": 1692097531,
        "narHash": "sha256-BPyevqRAiwVcan4CEoAICCV0C5Fh6s8hiO6hcwfeZP8=",
        "owner": "openjdk",
        "repo": "jdk",
        "rev": "9ded86821b01d6d790850e9b49eedfc597c0c9a2",
        "type": "github"
      },
      "original": {
        "owner": "openjdk",
        "repo": "jdk",
        "type": "github"
      }
    },
    "jdk-loom": {
      "flake": false,
      "locked": {
        "lastModified": 1691756288,
        "narHash": "sha256-1yVl2F1Ec4mxQsrMyEH4lPvnzLYaHTIfLinYS5P6UAE=",
        "owner": "openjdk",
        "repo": "loom",
        "rev": "054ebb0fe10a82d986964627f876f4088d190167",
        "type": "github"
      },
      "original": {
        "owner": "openjdk",
        "ref": "fibers",
        "repo": "loom",
        "type": "github"
      }
    },
    "jdk-panama": {
      "flake": false,
      "locked": {
        "lastModified": 1653305191,
        "narHash": "sha256-5fDsWv4YQMcupozT9LH+e9LKMWHFBTnFZ5coQsW2hPc=",
        "owner": "openjdk",
        "repo": "panama-foreign",
        "rev": "bc13b1c19f3c2f1c8a237cc74ef34ab6c57c92a4",
        "type": "github"
      },
      "original": {
        "owner": "openjdk",
        "ref": "foreign-jextract",
        "repo": "panama-foreign",
        "type": "github"
      }
    },
    "jdk-valhalla": {
      "flake": false,
      "locked": {
        "lastModified": 1692020292,
        "narHash": "sha256-ANhaEWAmvMBWGYZWElZ0s2j+yUxD3xjj3zveyY5OCPI=",
        "owner": "openjdk",
        "repo": "valhalla",
        "rev": "064cd392384821f6332ce5b8e9bc84153b59117a",
        "type": "github"
      },
      "original": {
        "owner": "openjdk",
        "ref": "lworld",
        "repo": "valhalla",
        "type": "github"
      }
    },
    "jdk17": {
      "flake": false,
      "locked": {
        "lastModified": 1690974022,
        "narHash": "sha256-SZc3YHi5f2nVEEVesIDqLDUPk7wwpB6MuJrczJ3ja6Q=",
        "owner": "openjdk",
        "repo": "jdk17u",
        "rev": "482f2241da4d5d60c74e493c77fe7d9d11b1e753",
        "type": "github"
      },
      "original": {
        "owner": "openjdk",
        "repo": "jdk17u",
        "type": "github"
      }
    },
    "jdk18": {
      "flake": false,
      "locked": {
        "lastModified": 1660605206,
        "narHash": "sha256-L6dsN0kqWcfemM8LBg62qtHQdymwRQoV1ndc8r+0qn8=",
        "owner": "openjdk",
        "repo": "jdk18u",
        "rev": "ca4c3dac3bc5fc05b225fe3185cde058f10b97cc",
        "type": "github"
      },
      "original": {
        "owner": "openjdk",
        "repo": "jdk18u",
        "type": "github"
      }
    },
    "jdk19": {
      "flake": false,
      "locked": {
        "lastModified": 1673998860,
        "narHash": "sha256-wibvMcUf+DUDbXs5w3wO0XhLYU8hl9/ubl8Aoqgf2Pk=",
        "owner": "openjdk",
        "repo": "jdk19u",
        "rev": "677bec11078ff41c21821fec46590752e0fc5128",
        "type": "github"
      },
      "original": {
        "owner": "openjdk",
        "repo": "jdk19u",
        "type": "github"
      }
    },
    "jdk20": {
      "flake": false,
      "locked": {
        "lastModified": 1686729813,
        "narHash": "sha256-CZH2JwR+MrkTlLdcVYuFRB3McdrM0A+1YaSjNpjYwak=",
        "owner": "openjdk",
        "repo": "jdk20u",
        "rev": "9ced461a4d8cb2ecfe2d6a74ec218ec589dcd617",
        "type": "github"
      },
      "original": {
        "owner": "openjdk",
        "repo": "jdk20u",
        "type": "github"
      }
    },
    "jdk21": {
      "flake": false,
      "locked": {
        "lastModified": 1692083394,
        "narHash": "sha256-M8dKBOwJViqMXXLIUJdGs1mxZz+JmWcqjvEVq4LzjcY=",
        "owner": "openjdk",
        "repo": "jdk21u",
        "rev": "956d563e3cb3868c3471a1e6f9758a75743c7963",
        "type": "github"
      },
      "original": {
        "owner": "openjdk",
        "repo": "jdk21u",
        "type": "github"
      }
    },
    "jextract-src": {
      "flake": false,
      "locked": {
        "lastModified": 1681478879,
        "narHash": "sha256-8qRD1Xg39vxtFAdguD8XvkQ8u7YzFU55MhyyJozVffo=",
        "owner": "openjdk",
        "repo": "jextract",
        "rev": "cf3afe9ca71592c8ebb32f219707285dd1d5b28a",
        "type": "github"
      },
      "original": {
        "owner": "openjdk",
        "repo": "jextract",
        "type": "github"
      }
    },
    "jextract_jdk21-src": {
      "flake": false,
      "locked": {
        "lastModified": 1690289185,
        "narHash": "sha256-IBUJlEsdgDpyA2Zzrn6n3W+EunMj4BWdXv47SNxIwlY=",
        "owner": "openjdk",
        "repo": "jextract",
        "rev": "8e7596d9d112a1ee46dfa076a950de887a6a6745",
        "type": "github"
      },
      "original": {
        "owner": "openjdk",
        "ref": "jdk21",
        "repo": "jextract",
        "type": "github"
      }
    },
    "jmc_linux_tgz": {
      "flake": false,
      "locked": {
        "narHash": "sha256-kZZZJAWa65wx+H8EfqimJVz+B7A4x6VEdK7lZBMfRW0=",
        "type": "tarball",
        "url": "https://download.java.net/java/GA/jmc8/05/binaries/jmc-8.3.1_linux-x64.tar.gz"
      },
      "original": {
        "type": "tarball",
        "url": "https://download.java.net/java/GA/jmc8/05/binaries/jmc-8.3.1_linux-x64.tar.gz"
      }
    },
    "jprofiler_tgz": {
      "flake": false,
      "locked": {
        "narHash": "sha256-8TPnYFBCJq1UKl0PNHhhuVXE9sIr4Ni+Vw5/Cgm6s9w=",
        "type": "tarball",
        "url": "https://download.ej-technologies.com/jprofiler/jprofiler_linux_13_0_6.tar.gz"
      },
      "original": {
        "type": "tarball",
        "url": "https://download.ej-technologies.com/jprofiler/jprofiler_linux_13_0_6.tar.gz"
      }
    },
    "jtreg-src": {
      "flake": false,
      "locked": {
        "lastModified": 1692084982,
        "narHash": "sha256-H95KiGWfwVLyt+0e5oJTK46BHGOMfRDZ0sztJh9ucL8=",
        "owner": "openjdk",
        "repo": "jtreg",
        "rev": "22f7332ff6c5ba54eba751cecc1a28cf10c2b6eb",
        "type": "github"
      },
      "original": {
        "owner": "openjdk",
        "repo": "jtreg",
        "type": "github"
      }
    },
    "nixpkgs": {
      "locked": {
        "lastModified": 1692103654,
        "narHash": "sha256-omN15RelL7h5NF9qvqKKHqo6Nr4A1d5jm1FkQvAQ+s4=",
        "owner": "NixOS",
        "repo": "nixpkgs",
        "rev": "771590c85bd3e42a6f048ef55305bbcdc2a510cd",
        "type": "github"
      },
      "original": {
        "id": "nixpkgs",
        "ref": "release-23.05",
        "type": "indirect"
      }
    },
    "nixpkgs_2": {
      "locked": {
        "lastModified": 1692103654,
        "narHash": "sha256-omN15RelL7h5NF9qvqKKHqo6Nr4A1d5jm1FkQvAQ+s4=",
        "owner": "NixOS",
        "repo": "nixpkgs",
        "rev": "771590c85bd3e42a6f048ef55305bbcdc2a510cd",
        "type": "github"
      },
      "original": {
        "id": "nixpkgs",
        "ref": "release-23.05",
        "type": "indirect"
      }
    },
    "root": {
      "inputs": {
        "flake-utils": "flake-utils",
        "java": "java",
        "nixpkgs": "nixpkgs_2",
        "src": "src"
      }
    },
    "src": {
      "flake": false,
      "locked": {
        "lastModified": 1690547319,
        "narHash": "sha256-qgoGkIyLk/Q7zCugQ29iWECO1DlyU7tz9eHIuejz/bI=",
        "owner": "bazelbuild",
        "repo": "bazel",
        "rev": "7eb7f691bbb5f52be420d09bb3c4eecf46bb4af2",
        "type": "github"
      },
      "original": {
        "owner": "bazelbuild",
        "ref": "7.0.0-pre.20230710.5",
        "repo": "bazel",
        "type": "github"
      }
    },
    "systems": {
      "locked": {
        "lastModified": 1681028828,
        "narHash": "sha256-Vy1rq5AaRuLzOxct8nz4T6wlgyUR7zLU309k9mBC768=",
        "owner": "nix-systems",
        "repo": "default",
        "rev": "da67096a3b9bf56a91d16901293e51ba5b49a27e",
        "type": "github"
      },
      "original": {
        "owner": "nix-systems",
        "repo": "default",
        "type": "github"
      }
    },
    "systems_2": {
      "locked": {
        "lastModified": 1681028828,
        "narHash": "sha256-Vy1rq5AaRuLzOxct8nz4T6wlgyUR7zLU309k9mBC768=",
        "owner": "nix-systems",
        "repo": "default",
        "rev": "da67096a3b9bf56a91d16901293e51ba5b49a27e",
        "type": "github"
      },
      "original": {
        "owner": "nix-systems",
        "repo": "default",
        "type": "github"
      }
    },
    "visualvm_zip": {
      "flake": false,
      "locked": {
        "narHash": "sha256-RqQEeYMYpBlqla+VmrxOUNyrlIGVL4YjZadg2Gq+f8k=",
        "type": "tarball",
        "url": "https://github.com/oracle/visualvm/releases/download/2.1.6/visualvm_216.zip"
      },
      "original": {
        "type": "tarball",
        "url": "https://github.com/oracle/visualvm/releases/download/2.1.6/visualvm_216.zip"
      }
    },
    "yourkit_zip": {
      "flake": false,
      "locked": {
        "narHash": "sha256-nD/JD68yOFENnQG1JhPBvGA+k1Km2GYNzwiHKFI5koc=",
        "type": "tarball",
        "url": "https://download.yourkit.com/yjp/2023.5/YourKit-JavaProfiler-2023.5-b229.zip"
      },
      "original": {
        "type": "tarball",
        "url": "https://download.yourkit.com/yjp/2023.5/YourKit-JavaProfiler-2023.5-b229.zip"
      }
    },
    "zing17_linux_tgz": {
      "flake": false,
      "locked": {
        "narHash": "sha256-NxU85cyB7SU4nM49ItSeNy8nOzr4zOkpx0Ms+k1qcr4=",
        "type": "tarball",
        "url": "https://cdn.azul.com/zing-zvm/ZVM22.01.1.0/zing22.01.1.0-1-jdk17.0.2-linux_x64.tar.gz"
      },
      "original": {
        "type": "tarball",
        "url": "https://cdn.azul.com/zing-zvm/ZVM22.01.1.0/zing22.01.1.0-1-jdk17.0.2-linux_x64.tar.gz"
      }
    },
    "zulu17_linux_tgz": {
      "flake": false,
      "locked": {
        "narHash": "sha256-ONxioLlsXyzt2P8ENMbUqjk9jM8zjnqtOfCFYwfokck=",
        "type": "tarball",
        "url": "https://cdn.azul.com/zulu/bin/zulu17.30.15-ca-jdk17.0.1-linux_x64.tar.gz"
      },
      "original": {
        "type": "tarball",
        "url": "https://cdn.azul.com/zulu/bin/zulu17.30.15-ca-jdk17.0.1-linux_x64.tar.gz"
      }
    },
    "zulu18_linux_tgz": {
      "flake": false,
      "locked": {
        "narHash": "sha256-5fzpU5XPUzhlHx15F6Osll0SzURcJSTNrKEvwnEKmIw=",
        "type": "tarball",
        "url": "https://cdn.azul.com/zulu/bin/zulu18.28.13-ca-jdk18.0.0-linux_x64.tar.gz"
      },
      "original": {
        "type": "tarball",
        "url": "https://cdn.azul.com/zulu/bin/zulu18.28.13-ca-jdk18.0.0-linux_x64.tar.gz"
      }
    },
    "zulu19_linux_aarch64_tgz": {
      "flake": false,
      "locked": {
        "narHash": "sha256-6qAaJEgY4uXABiMpzEMexdqhcpHf5pB+bjJh6XoFIQg=",
        "type": "tarball",
        "url": "https://cdn.azul.com/zulu/bin/zulu19.32.13-ca-jdk19.0.2-linux_aarch64.tar.gz"
      },
      "original": {
        "type": "tarball",
        "url": "https://cdn.azul.com/zulu/bin/zulu19.32.13-ca-jdk19.0.2-linux_aarch64.tar.gz"
      }
    },
    "zulu19_linux_x64_tgz": {
      "flake": false,
      "locked": {
        "narHash": "sha256-gwyIwXnZO+RzVFbfV7Lm9fcWxItFLsPZxHNwqsAwZW4=",
        "type": "tarball",
        "url": "https://cdn.azul.com/zulu/bin/zulu19.32.13-ca-jdk19.0.2-linux_x64.tar.gz"
      },
      "original": {
        "type": "tarball",
        "url": "https://cdn.azul.com/zulu/bin/zulu19.32.13-ca-jdk19.0.2-linux_x64.tar.gz"
      }
    },
    "zulu20_linux_aarch64_tgz": {
      "flake": false,
      "locked": {
        "narHash": "sha256-BE63o5JZ5GKkIgjK1xSSi5gVfPib1PE3b5Upwm2dc0s=",
        "type": "tarball",
        "url": "https://cdn.azul.com/zulu/bin/zulu20.30.11-ca-jdk20.0.1-linux_aarch64.tar.gz"
      },
      "original": {
        "type": "tarball",
        "url": "https://cdn.azul.com/zulu/bin/zulu20.30.11-ca-jdk20.0.1-linux_aarch64.tar.gz"
      }
    },
    "zulu20_linux_x64_tgz": {
      "flake": false,
      "locked": {
        "narHash": "sha256-PTbFvcMGzh4dphvFoBy9KEcXdJ4f5j+qNdBRMowahH0=",
        "type": "tarball",
        "url": "https://cdn.azul.com/zulu/bin/zulu20.30.11-ca-jdk20.0.1-linux_x64.tar.gz"
      },
      "original": {
        "type": "tarball",
        "url": "https://cdn.azul.com/zulu/bin/zulu20.30.11-ca-jdk20.0.1-linux_x64.tar.gz"
      }
    }
  },
  "root": "root",
  "version": 7
}
