{
  "nodes": {
    "flake-utils": {
      "locked": {
        "lastModified": 1659877975,
        "narHash": "sha256-zllb8aq3YO3h8B/U0/J1WBgAL8EX5yWf5pMj3G0NAmc=",
        "owner": "numtide",
        "repo": "flake-utils",
        "rev": "c0e246b9b83f637f4681389ecabcb2681b4f3af0",
        "type": "github"
      },
      "original": {
        "owner": "numtide",
        "repo": "flake-utils",
        "type": "github"
      }
    },
    "java": {
      "inputs": {
        "jdk": "jdk",
        "jdk-loom": "jdk-loom",
        "jdk-panama": "jdk-panama",
        "jdk-valhalla": "jdk-valhalla",
        "jdk17": "jdk17",
        "jdk18": "jdk18",
        "jdk19": "jdk19",
        "nixpkgs": "nixpkgs",
        "zing17_linux_tgz": "zing17_linux_tgz",
        "zulu17_linux_tgz": "zulu17_linux_tgz",
        "zulu18_linux_tgz": "zulu18_linux_tgz"
      },
      "locked": {
        "lastModified": 1660179705,
        "narHash": "sha256-QrFu6mSmomY61F/N60HGwkqiuhy2qCHwe/T3KcdcmiI=",
        "owner": "TawasalMessenger",
        "repo": "jdk-flake",
        "rev": "8d2491aea1092e53b11e1f7beaa6044824c2da17",
        "type": "github"
      },
      "original": {
        "owner": "TawasalMessenger",
        "repo": "jdk-flake",
        "type": "github"
      }
    },
    "jdk": {
      "flake": false,
      "locked": {
        "lastModified": 1660177819,
        "narHash": "sha256-ghEfZSQgWnWcXOyOxYV/or6fwvJ23ZLx/w02yo+U/KU=",
        "owner": "openjdk",
        "repo": "jdk",
        "rev": "36ef4c1a92348b392b6009ea8b3e5636bfa1b726",
        "type": "github"
      },
      "original": {
        "owner": "openjdk",
        "repo": "jdk",
        "type": "github"
      }
    },
    "jdk-loom": {
      "flake": false,
      "locked": {
        "lastModified": 1659621594,
        "narHash": "sha256-8THfiazf9jbRik84Fjp8EHjdplawpD1EOCfJ0asXvys=",
        "owner": "openjdk",
        "repo": "loom",
        "rev": "9794b643c1c80e9c038bd413a82af35a1744e752",
        "type": "github"
      },
      "original": {
        "owner": "openjdk",
        "ref": "fibers",
        "repo": "loom",
        "type": "github"
      }
    },
    "jdk-panama": {
      "flake": false,
      "locked": {
        "lastModified": 1653305191,
        "narHash": "sha256-5fDsWv4YQMcupozT9LH+e9LKMWHFBTnFZ5coQsW2hPc=",
        "owner": "openjdk",
        "repo": "panama-foreign",
        "rev": "bc13b1c19f3c2f1c8a237cc74ef34ab6c57c92a4",
        "type": "github"
      },
      "original": {
        "owner": "openjdk",
        "ref": "foreign-jextract",
        "repo": "panama-foreign",
        "type": "github"
      }
    },
    "jdk-valhalla": {
      "flake": false,
      "locked": {
        "lastModified": 1659012825,
        "narHash": "sha256-33OPvIs5PM96FoqOKAMAtPi2Q8Lb9zbCRCcURwTAqnI=",
        "owner": "openjdk",
        "repo": "valhalla",
        "rev": "3dc006bdba0e0101ac19831cead88e6f5eefa34b",
        "type": "github"
      },
      "original": {
        "owner": "openjdk",
        "ref": "lworld",
        "repo": "valhalla",
        "type": "github"
      }
    },
    "jdk17": {
      "flake": false,
      "locked": {
        "lastModified": 1659953241,
        "narHash": "sha256-5NTRfp0AwH8LxEtgv/wrEhmxoVRE51FgC4f0H0MiQE8=",
        "owner": "openjdk",
        "repo": "jdk17u",
        "rev": "f74269cdaa6abcec463be378415049e688d51750",
        "type": "github"
      },
      "original": {
        "owner": "openjdk",
        "repo": "jdk17u",
        "type": "github"
      }
    },
    "jdk18": {
      "flake": false,
      "locked": {
        "lastModified": 1654596920,
        "narHash": "sha256-nUur8uJMpnX9FOZ0NrzKlsvd0/yZ1eBYedDGy2dzNfo=",
        "owner": "openjdk",
        "repo": "jdk18u",
        "rev": "0e73b3911f20169607e8836d38f532fe51d577f9",
        "type": "github"
      },
      "original": {
        "owner": "openjdk",
        "repo": "jdk18u",
        "type": "github"
      }
    },
    "jdk19": {
      "flake": false,
      "locked": {
        "lastModified": 1660142410,
        "narHash": "sha256-3JKaOqKF6QRJm8gwapYipTGjEffhU+N3DllWh8hY2CI=",
        "owner": "openjdk",
        "repo": "jdk19",
        "rev": "4c6d22a6cee3d7f1da69e50dddec45158b33e331",
        "type": "github"
      },
      "original": {
        "owner": "openjdk",
        "repo": "jdk19",
        "type": "github"
      }
    },
    "nixpkgs": {
      "locked": {
        "lastModified": 1660120254,
        "narHash": "sha256-EMBa86JQ6W0och5Kxb1XmprgN/HFsSuJ9fRa2PtV3uk=",
        "owner": "NixOS",
        "repo": "nixpkgs",
        "rev": "e4c9d950a3c54a0760b127d406f6528eb625eed8",
        "type": "github"
      },
      "original": {
        "id": "nixpkgs",
        "ref": "nixos-22.05",
        "type": "indirect"
      }
    },
    "nixpkgs_2": {
      "locked": {
        "lastModified": 1660120254,
        "narHash": "sha256-EMBa86JQ6W0och5Kxb1XmprgN/HFsSuJ9fRa2PtV3uk=",
        "owner": "NixOS",
        "repo": "nixpkgs",
        "rev": "e4c9d950a3c54a0760b127d406f6528eb625eed8",
        "type": "github"
      },
      "original": {
        "id": "nixpkgs",
        "ref": "nixos-22.05",
        "type": "indirect"
      }
    },
    "root": {
      "inputs": {
        "flake-utils": "flake-utils",
        "java": "java",
        "nixpkgs": "nixpkgs_2",
        "src": "src"
      }
    },
    "src": {
      "flake": false,
      "locked": {
        "lastModified": 1660148404,
        "narHash": "sha256-6C3VD+/0Ry1lKkfQ5qxiZ+erfIJVAbnD3NSn+VHnfzs=",
        "owner": "bazelbuild",
        "repo": "bazel",
        "rev": "6a8a5c6eb7a33849242fafd7c90adc8bade5d4e0",
        "type": "github"
      },
      "original": {
        "owner": "bazelbuild",
        "ref": "6.0.0-pre.20220801.1",
        "repo": "bazel",
        "type": "github"
      }
    },
    "zing17_linux_tgz": {
      "flake": false,
      "locked": {
        "narHash": "sha256-NxU85cyB7SU4nM49ItSeNy8nOzr4zOkpx0Ms+k1qcr4=",
        "type": "tarball",
        "url": "https://cdn.azul.com/zing-zvm/ZVM22.01.1.0/zing22.01.1.0-1-jdk17.0.2-linux_x64.tar.gz"
      },
      "original": {
        "type": "tarball",
        "url": "https://cdn.azul.com/zing-zvm/ZVM22.01.1.0/zing22.01.1.0-1-jdk17.0.2-linux_x64.tar.gz"
      }
    },
    "zulu17_linux_tgz": {
      "flake": false,
      "locked": {
        "narHash": "sha256-ONxioLlsXyzt2P8ENMbUqjk9jM8zjnqtOfCFYwfokck=",
        "type": "tarball",
        "url": "https://cdn.azul.com/zulu/bin/zulu17.30.15-ca-jdk17.0.1-linux_x64.tar.gz"
      },
      "original": {
        "type": "tarball",
        "url": "https://cdn.azul.com/zulu/bin/zulu17.30.15-ca-jdk17.0.1-linux_x64.tar.gz"
      }
    },
    "zulu18_linux_tgz": {
      "flake": false,
      "locked": {
        "narHash": "sha256-5fzpU5XPUzhlHx15F6Osll0SzURcJSTNrKEvwnEKmIw=",
        "type": "tarball",
        "url": "https://cdn.azul.com/zulu/bin/zulu18.28.13-ca-jdk18.0.0-linux_x64.tar.gz"
      },
      "original": {
        "type": "tarball",
        "url": "https://cdn.azul.com/zulu/bin/zulu18.28.13-ca-jdk18.0.0-linux_x64.tar.gz"
      }
    }
  },
  "root": "root",
  "version": 7
}
